
Microsoft Visual Studio Solution File, Format Version 12.00
# Visual Studio 2013
VisualStudioVersion = 12.0.31101.0
MinimumVisualStudioVersion = 10.0.40219.1
Project("{FAE04EC0-301F-11D3-BF4B-00C04F79EFBC}") = "Client", "Client\Client.csproj", "{C13A45EF-20AB-46F8-A35A-F2FB262D3335}"
	ProjectSection(ProjectDependencies) = postProject
		{90F0C22D-4F3B-40F1-82AE-6DAEFEA6C42A} = {90F0C22D-4F3B-40F1-82AE-6DAEFEA6C42A}
	EndProjectSection
EndProject
Project("{FAE04EC0-301F-11D3-BF4B-00C04F79EFBC}") = "Server", "Server\Server.csproj", "{8FF769AB-7D31-4929-BF61-956CC543E8C3}"
	ProjectSection(ProjectDependencies) = postProject
		{90F0C22D-4F3B-40F1-82AE-6DAEFEA6C42A} = {90F0C22D-4F3B-40F1-82AE-6DAEFEA6C42A}
	EndProjectSection
EndProject
Project("{FAE04EC0-301F-11D3-BF4B-00C04F79EFBC}") = "CryptoLibrary", "Libraries\CryptoLibrary.csproj", "{90F0C22D-4F3B-40F1-82AE-6DAEFEA6C42A}"
EndProject
Global
	GlobalSection(SubversionScc) = preSolution
		Svn-Managed = True
		Manager = AnkhSVN - Subversion Support for Visual Studio
	EndGlobalSection
	GlobalSection(SolutionConfigurationPlatforms) = preSolution
		Debug|Any CPU = Debug|Any CPU
		Release|Any CPU = Release|Any CPU
	EndGlobalSection
	GlobalSection(ProjectConfigurationPlatforms) = postSolution
		{C13A45EF-20AB-46F8-A35A-F2FB262D3335}.Debug|Any CPU.ActiveCfg = Debug|Any CPU
		{C13A45EF-20AB-46F8-A35A-F2FB262D3335}.Debug|Any CPU.Build.0 = Debug|Any CPU
		{C13A45EF-20AB-46F8-A35A-F2FB262D3335}.Release|Any CPU.ActiveCfg = Release|Any CPU
		{C13A45EF-20AB-46F8-A35A-F2FB262D3335}.Release|Any CPU.Build.0 = Release|Any CPU
		{8FF769AB-7D31-4929-BF61-956CC543E8C3}.Debug|Any CPU.ActiveCfg = Debug|Any CPU
		{8FF769AB-7D31-4929-BF61-956CC543E8C3}.Debug|Any CPU.Build.0 = Debug|Any CPU
		{8FF769AB-7D31-4929-BF61-956CC543E8C3}.Release|Any CPU.ActiveCfg = Release|Any CPU
		{8FF769AB-7D31-4929-BF61-956CC543E8C3}.Release|Any CPU.Build.0 = Release|Any CPU
		{90F0C22D-4F3B-40F1-82AE-6DAEFEA6C42A}.Debug|Any CPU.ActiveCfg = Debug|Any CPU
		{90F0C22D-4F3B-40F1-82AE-6DAEFEA6C42A}.Debug|Any CPU.Build.0 = Debug|Any CPU
		{90F0C22D-4F3B-40F1-82AE-6DAEFEA6C42A}.Release|Any CPU.ActiveCfg = Release|Any CPU
		{90F0C22D-4F3B-40F1-82AE-6DAEFEA6C42A}.Release|Any CPU.Build.0 = Release|Any CPU
	EndGlobalSection
	GlobalSection(SolutionProperties) = preSolution
		HideSolutionNode = FALSE
	EndGlobalSection
EndGlobal
